
Microsoft Visual Studio Solution File, Format Version 11.00
# Visual Studio 2010
Project("{FAE04EC0-301F-11D3-BF4B-00C04F79EFBC}") = "PerfTestRunner.Demo", "PerfTestRunner.Demo\PerfTestRunner.Demo.csproj", "{B709FFDF-7E1A-456E-BF16-DDF9171C6A98}"
EndProject
Project("{FAE04EC0-301F-11D3-BF4B-00C04F79EFBC}") = "PerfTestRunner.Common", "PerfTestRunner.Common\PerfTestRunner.Common.csproj", "{E59D95A2-B60B-404A-A176-3C11B7A4CED9}"
EndProject
Project("{2150E333-8FDC-42A3-9474-1A3956D46DE8}") = "Solution Items", "Solution Items", "{253B8215-342F-437E-B76F-33823DD4C73A}"
	ProjectSection(SolutionItems) = preProject
		DO_NOT_USE_IN_PRODUCTION.snk = DO_NOT_USE_IN_PRODUCTION.snk
		Package.nuspec = Package.nuspec
	EndProjectSection
EndProject
Project("{FAE04EC0-301F-11D3-BF4B-00C04F79EFBC}") = "PerfTestRunner", "PerfTestRunner\PerfTestRunner.csproj", "{45E77DFE-1E07-4181-8678-91FE61C87EA6}"
EndProject
Global
	GlobalSection(SolutionConfigurationPlatforms) = preSolution
		Debug|Any CPU = Debug|Any CPU
		Debug|Mixed Platforms = Debug|Mixed Platforms
		Debug|x86 = Debug|x86
		Release|Any CPU = Release|Any CPU
		Release|Mixed Platforms = Release|Mixed Platforms
		Release|x86 = Release|x86
	EndGlobalSection
	GlobalSection(ProjectConfigurationPlatforms) = postSolution
		{B709FFDF-7E1A-456E-BF16-DDF9171C6A98}.Debug|Any CPU.ActiveCfg = Debug|Any CPU
		{B709FFDF-7E1A-456E-BF16-DDF9171C6A98}.Debug|Any CPU.Build.0 = Debug|Any CPU
		{B709FFDF-7E1A-456E-BF16-DDF9171C6A98}.Debug|Mixed Platforms.ActiveCfg = Debug|Any CPU
		{B709FFDF-7E1A-456E-BF16-DDF9171C6A98}.Debug|Mixed Platforms.Build.0 = Debug|Any CPU
		{B709FFDF-7E1A-456E-BF16-DDF9171C6A98}.Debug|x86.ActiveCfg = Debug|Any CPU
		{B709FFDF-7E1A-456E-BF16-DDF9171C6A98}.Release|Any CPU.ActiveCfg = Release|Any CPU
		{B709FFDF-7E1A-456E-BF16-DDF9171C6A98}.Release|Any CPU.Build.0 = Release|Any CPU
		{B709FFDF-7E1A-456E-BF16-DDF9171C6A98}.Release|Mixed Platforms.ActiveCfg = Release|Any CPU
		{B709FFDF-7E1A-456E-BF16-DDF9171C6A98}.Release|Mixed Platforms.Build.0 = Release|Any CPU
		{B709FFDF-7E1A-456E-BF16-DDF9171C6A98}.Release|x86.ActiveCfg = Release|Any CPU
		{E59D95A2-B60B-404A-A176-3C11B7A4CED9}.Debug|Any CPU.ActiveCfg = Debug|Any CPU
		{E59D95A2-B60B-404A-A176-3C11B7A4CED9}.Debug|Any CPU.Build.0 = Debug|Any CPU
		{E59D95A2-B60B-404A-A176-3C11B7A4CED9}.Debug|Mixed Platforms.ActiveCfg = Debug|Any CPU
		{E59D95A2-B60B-404A-A176-3C11B7A4CED9}.Debug|Mixed Platforms.Build.0 = Debug|Any CPU
		{E59D95A2-B60B-404A-A176-3C11B7A4CED9}.Debug|x86.ActiveCfg = Debug|Any CPU
		{E59D95A2-B60B-404A-A176-3C11B7A4CED9}.Release|Any CPU.ActiveCfg = Release|Any CPU
		{E59D95A2-B60B-404A-A176-3C11B7A4CED9}.Release|Any CPU.Build.0 = Release|Any CPU
		{E59D95A2-B60B-404A-A176-3C11B7A4CED9}.Release|Mixed Platforms.ActiveCfg = Release|Any CPU
		{E59D95A2-B60B-404A-A176-3C11B7A4CED9}.Release|Mixed Platforms.Build.0 = Release|Any CPU
		{E59D95A2-B60B-404A-A176-3C11B7A4CED9}.Release|x86.ActiveCfg = Release|Any CPU
		{45E77DFE-1E07-4181-8678-91FE61C87EA6}.Debug|Any CPU.ActiveCfg = Debug|x86
		{45E77DFE-1E07-4181-8678-91FE61C87EA6}.Debug|Mixed Platforms.ActiveCfg = Debug|x86
		{45E77DFE-1E07-4181-8678-91FE61C87EA6}.Debug|Mixed Platforms.Build.0 = Debug|x86
		{45E77DFE-1E07-4181-8678-91FE61C87EA6}.Debug|x86.ActiveCfg = Debug|x86
		{45E77DFE-1E07-4181-8678-91FE61C87EA6}.Debug|x86.Build.0 = Debug|x86
		{45E77DFE-1E07-4181-8678-91FE61C87EA6}.Release|Any CPU.ActiveCfg = Release|x86
		{45E77DFE-1E07-4181-8678-91FE61C87EA6}.Release|Mixed Platforms.ActiveCfg = Release|x86
		{45E77DFE-1E07-4181-8678-91FE61C87EA6}.Release|Mixed Platforms.Build.0 = Release|x86
		{45E77DFE-1E07-4181-8678-91FE61C87EA6}.Release|x86.ActiveCfg = Release|x86
		{45E77DFE-1E07-4181-8678-91FE61C87EA6}.Release|x86.Build.0 = Release|x86
	EndGlobalSection
	GlobalSection(SolutionProperties) = preSolution
		HideSolutionNode = FALSE
	EndGlobalSection
EndGlobal
